// !$*UTF8*$!
{
	archiveVersion = 1;
	classes = {
	};
	objectVersion = 56;
	objects = {

/* Begin PBXBuildFile section */
		E1906AC22A7FD232001C6B69 /* AppDelegate.swift in Sources */ = {isa = PBXBuildFile; fileRef = E1906AC12A7FD232001C6B69 /* AppDelegate.swift */; };
		E1906AC42A7FD232001C6B69 /* SceneDelegate.swift in Sources */ = {isa = PBXBuildFile; fileRef = E1906AC32A7FD232001C6B69 /* SceneDelegate.swift */; };
		E1906AC62A7FD232001C6B69 /* ViewController.swift in Sources */ = {isa = PBXBuildFile; fileRef = E1906AC52A7FD232001C6B69 /* ViewController.swift */; };
		E1906AC92A7FD232001C6B69 /* Main.storyboard in Resources */ = {isa = PBXBuildFile; fileRef = E1906AC72A7FD232001C6B69 /* Main.storyboard */; };
		E1906ACB2A7FD233001C6B69 /* Assets.xcassets in Resources */ = {isa = PBXBuildFile; fileRef = E1906ACA2A7FD233001C6B69 /* Assets.xcassets */; };
		E1906ACE2A7FD233001C6B69 /* LaunchScreen.storyboard in Resources */ = {isa = PBXBuildFile; fileRef = E1906ACC2A7FD233001C6B69 /* LaunchScreen.storyboard */; };
		E1906AD92A7FD233001C6B69 /* UITableViewExampleTests.swift in Sources */ = {isa = PBXBuildFile; fileRef = E1906AD82A7FD233001C6B69 /* UITableViewExampleTests.swift */; };
		E1906AE32A7FD233001C6B69 /* UITableViewExampleUITests.swift in Sources */ = {isa = PBXBuildFile; fileRef = E1906AE22A7FD233001C6B69 /* UITableViewExampleUITests.swift */; };
		E1906AE52A7FD233001C6B69 /* UITableViewExampleUITestsLaunchTests.swift in Sources */ = {isa = PBXBuildFile; fileRef = E1906AE42A7FD233001C6B69 /* UITableViewExampleUITestsLaunchTests.swift */; };
		E1906AF22A7FD255001C6B69 /* UITableViewExampleViewController.swift in Sources */ = {isa = PBXBuildFile; fileRef = E1906AF12A7FD255001C6B69 /* UITableViewExampleViewController.swift */; };
/* End PBXBuildFile section */

/* Begin PBXContainerItemProxy section */
		E1906AD52A7FD233001C6B69 /* PBXContainerItemProxy */ = {
			isa = PBXContainerItemProxy;
			containerPortal = E1906AB62A7FD232001C6B69 /* Project object */;
			proxyType = 1;
			remoteGlobalIDString = E1906ABD2A7FD232001C6B69;
			remoteInfo = UITableViewExample;
		};
		E1906ADF2A7FD233001C6B69 /* PBXContainerItemProxy */ = {
			isa = PBXContainerItemProxy;
			containerPortal = E1906AB62A7FD232001C6B69 /* Project object */;
			proxyType = 1;
			remoteGlobalIDString = E1906ABD2A7FD232001C6B69;
			remoteInfo = UITableViewExample;
		};
/* End PBXContainerItemProxy section */

/* Begin PBXFileReference section */
		E1906ABE2A7FD232001C6B69 /* UITableViewExample.app */ = {isa = PBXFileReference; explicitFileType = wrapper.application; includeInIndex = 0; path = UITableViewExample.app; sourceTree = BUILT_PRODUCTS_DIR; };
		E1906AC12A7FD232001C6B69 /* AppDelegate.swift */ = {isa = PBXFileReference; lastKnownFileType = sourcecode.swift; path = AppDelegate.swift; sourceTree = "<group>"; };
		E1906AC32A7FD232001C6B69 /* SceneDelegate.swift */ = {isa = PBXFileReference; lastKnownFileType = sourcecode.swift; path = SceneDelegate.swift; sourceTree = "<group>"; };
		E1906AC52A7FD232001C6B69 /* ViewController.swift */ = {isa = PBXFileReference; lastKnownFileType = sourcecode.swift; path = ViewController.swift; sourceTree = "<group>"; };
		E1906AC82A7FD232001C6B69 /* Base */ = {isa = PBXFileReference; lastKnownFileType = file.storyboard; name = Base; path = Base.lproj/Main.storyboard; sourceTree = "<group>"; };
		E1906ACA2A7FD233001C6B69 /* Assets.xcassets */ = {isa = PBXFileReference; lastKnownFileType = folder.assetcatalog; path = Assets.xcassets; sourceTree = "<group>"; };
		E1906ACD2A7FD233001C6B69 /* Base */ = {isa = PBXFileReference; lastKnownFileType = file.storyboard; name = Base; path = Base.lproj/LaunchScreen.storyboard; sourceTree = "<group>"; };
		E1906ACF2A7FD233001C6B69 /* Info.plist */ = {isa = PBXFileReference; lastKnownFileType = text.plist.xml; path = Info.plist; sourceTree = "<group>"; };
		E1906AD42A7FD233001C6B69 /* UITableViewExampleTests.xctest */ = {isa = PBXFileReference; explicitFileType = wrapper.cfbundle; includeInIndex = 0; path = UITableViewExampleTests.xctest; sourceTree = BUILT_PRODUCTS_DIR; };
		E1906AD82A7FD233001C6B69 /* UITableViewExampleTests.swift */ = {isa = PBXFileReference; lastKnownFileType = sourcecode.swift; path = UITableViewExampleTests.swift; sourceTree = "<group>"; };
		E1906ADE2A7FD233001C6B69 /* UITableViewExampleUITests.xctest */ = {isa = PBXFileReference; explicitFileType = wrapper.cfbundle; includeInIndex = 0; path = UITableViewExampleUITests.xctest; sourceTree = BUILT_PRODUCTS_DIR; };
		E1906AE22A7FD233001C6B69 /* UITableViewExampleUITests.swift */ = {isa = PBXFileReference; lastKnownFileType = sourcecode.swift; path = UITableViewExampleUITests.swift; sourceTree = "<group>"; };
		E1906AE42A7FD233001C6B69 /* UITableViewExampleUITestsLaunchTests.swift */ = {isa = PBXFileReference; lastKnownFileType = sourcecode.swift; path = UITableViewExampleUITestsLaunchTests.swift; sourceTree = "<group>"; };
		E1906AF12A7FD255001C6B69 /* UITableViewExampleViewController.swift */ = {isa = PBXFileReference; lastKnownFileType = sourcecode.swift; path = UITableViewExampleViewController.swift; sourceTree = "<group>"; };
/* End PBXFileReference section */

/* Begin PBXFrameworksBuildPhase section */
		E1906ABB2A7FD232001C6B69 /* Frameworks */ = {
			isa = PBXFrameworksBuildPhase;
			buildActionMask = 2147483647;
			files = (
			);
			runOnlyForDeploymentPostprocessing = 0;
		};
		E1906AD12A7FD233001C6B69 /* Frameworks */ = {
			isa = PBXFrameworksBuildPhase;
			buildActionMask = 2147483647;
			files = (
			);
			runOnlyForDeploymentPostprocessing = 0;
		};
		E1906ADB2A7FD233001C6B69 /* Frameworks */ = {
			isa = PBXFrameworksBuildPhase;
			buildActionMask = 2147483647;
			files = (
			);
			runOnlyForDeploymentPostprocessing = 0;
		};
/* End PBXFrameworksBuildPhase section */

/* Begin PBXGroup section */
		E1906AB52A7FD232001C6B69 = {
			isa = PBXGroup;
			children = (
				E1906AC02A7FD232001C6B69 /* UITableViewExample */,
				E1906AD72A7FD233001C6B69 /* UITableViewExampleTests */,
				E1906AE12A7FD233001C6B69 /* UITableViewExampleUITests */,
				E1906ABF2A7FD232001C6B69 /* Products */,
			);
			sourceTree = "<group>";
		};
		E1906ABF2A7FD232001C6B69 /* Products */ = {
			isa = PBXGroup;
			children = (
				E1906ABE2A7FD232001C6B69 /* UITableViewExample.app */,
				E1906AD42A7FD233001C6B69 /* UITableViewExampleTests.xctest */,
				E1906ADE2A7FD233001C6B69 /* UITableViewExampleUITests.xctest */,
			);
			name = Products;
			sourceTree = "<group>";
		};
		E1906AC02A7FD232001C6B69 /* UITableViewExample */ = {
			isa = PBXGroup;
			children = (
				E1906AC12A7FD232001C6B69 /* AppDelegate.swift */,
				E1906AC32A7FD232001C6B69 /* SceneDelegate.swift */,
				E1906AC52A7FD232001C6B69 /* ViewController.swift */,
				E1906AF12A7FD255001C6B69 /* UITableViewExampleViewController.swift */,
				E1906AC72A7FD232001C6B69 /* Main.storyboard */,
				E1906ACA2A7FD233001C6B69 /* Assets.xcassets */,
				E1906ACC2A7FD233001C6B69 /* LaunchScreen.storyboard */,
				E1906ACF2A7FD233001C6B69 /* Info.plist */,
			);
			path = UITableViewExample;
			sourceTree = "<group>";
		};
		E1906AD72A7FD233001C6B69 /* UITableViewExampleTests */ = {
			isa = PBXGroup;
			children = (
				E1906AD82A7FD233001C6B69 /* UITableViewExampleTests.swift */,
			);
			path = UITableViewExampleTests;
			sourceTree = "<group>";
		};
		E1906AE12A7FD233001C6B69 /* UITableViewExampleUITests */ = {
			isa = PBXGroup;
			children = (
				E1906AE22A7FD233001C6B69 /* UITableViewExampleUITests.swift */,
				E1906AE42A7FD233001C6B69 /* UITableViewExampleUITestsLaunchTests.swift */,
			);
			path = UITableViewExampleUITests;
			sourceTree = "<group>";
		};
/* End PBXGroup section */

/* Begin PBXNativeTarget section */
		E1906ABD2A7FD232001C6B69 /* UITableViewExample */ = {
			isa = PBXNativeTarget;
			buildConfigurationList = E1906AE82A7FD233001C6B69 /* Build configuration list for PBXNativeTarget "UITableViewExample" */;
			buildPhases = (
				E1906ABA2A7FD232001C6B69 /* Sources */,
				E1906ABB2A7FD232001C6B69 /* Frameworks */,
				E1906ABC2A7FD232001C6B69 /* Resources */,
			);
			buildRules = (
			);
			dependencies = (
			);
			name = UITableViewExample;
			productName = UITableViewExample;
			productReference = E1906ABE2A7FD232001C6B69 /* UITableViewExample.app */;
			productType = "com.apple.product-type.application";
		};
		E1906AD32A7FD233001C6B69 /* UITableViewExampleTests */ = {
			isa = PBXNativeTarget;
			buildConfigurationList = E1906AEB2A7FD233001C6B69 /* Build configuration list for PBXNativeTarget "UITableViewExampleTests" */;
			buildPhases = (
				E1906AD02A7FD233001C6B69 /* Sources */,
				E1906AD12A7FD233001C6B69 /* Frameworks */,
				E1906AD22A7FD233001C6B69 /* Resources */,
			);
			buildRules = (
			);
			dependencies = (
				E1906AD62A7FD233001C6B69 /* PBXTargetDependency */,
			);
			name = UITableViewExampleTests;
			productName = UITableViewExampleTests;
			productReference = E1906AD42A7FD233001C6B69 /* UITableViewExampleTests.xctest */;
			productType = "com.apple.product-type.bundle.unit-test";
		};
		E1906ADD2A7FD233001C6B69 /* UITableViewExampleUITests */ = {
			isa = PBXNativeTarget;
			buildConfigurationList = E1906AEE2A7FD233001C6B69 /* Build configuration list for PBXNativeTarget "UITableViewExampleUITests" */;
			buildPhases = (
				E1906ADA2A7FD233001C6B69 /* Sources */,
				E1906ADB2A7FD233001C6B69 /* Frameworks */,
				E1906ADC2A7FD233001C6B69 /* Resources */,
			);
			buildRules = (
			);
			dependencies = (
				E1906AE02A7FD233001C6B69 /* PBXTargetDependency */,
			);
			name = UITableViewExampleUITests;
			productName = UITableViewExampleUITests;
			productReference = E1906ADE2A7FD233001C6B69 /* UITableViewExampleUITests.xctest */;
			productType = "com.apple.product-type.bundle.ui-testing";
		};
/* End PBXNativeTarget section */

/* Begin PBXProject section */
		E1906AB62A7FD232001C6B69 /* Project object */ = {
			isa = PBXProject;
			attributes = {
				BuildIndependentTargetsInParallel = 1;
				LastSwiftUpdateCheck = 1430;
				LastUpgradeCheck = 1430;
				TargetAttributes = {
					E1906ABD2A7FD232001C6B69 = {
						CreatedOnToolsVersion = 14.3.1;
					};
					E1906AD32A7FD233001C6B69 = {
						CreatedOnToolsVersion = 14.3.1;
						TestTargetID = E1906ABD2A7FD232001C6B69;
					};
					E1906ADD2A7FD233001C6B69 = {
						CreatedOnToolsVersion = 14.3.1;
						TestTargetID = E1906ABD2A7FD232001C6B69;
					};
				};
			};
			buildConfigurationList = E1906AB92A7FD232001C6B69 /* Build configuration list for PBXProject "UITableViewExample" */;
			compatibilityVersion = "Xcode 14.0";
			developmentRegion = en;
			hasScannedForEncodings = 0;
			knownRegions = (
				en,
				Base,
			);
			mainGroup = E1906AB52A7FD232001C6B69;
			productRefGroup = E1906ABF2A7FD232001C6B69 /* Products */;
			projectDirPath = "";
			projectRoot = "";
			targets = (
				E1906ABD2A7FD232001C6B69 /* UITableViewExample */,
				E1906AD32A7FD233001C6B69 /* UITableViewExampleTests */,
				E1906ADD2A7FD233001C6B69 /* UITableViewExampleUITests */,
			);
		};
/* End PBXProject section */

/* Begin PBXResourcesBuildPhase section */
		E1906ABC2A7FD232001C6B69 /* Resources */ = {
			isa = PBXResourcesBuildPhase;
			buildActionMask = 2147483647;
			files = (
				E1906ACE2A7FD233001C6B69 /* LaunchScreen.storyboard in Resources */,
				E1906ACB2A7FD233001C6B69 /* Assets.xcassets in Resources */,
				E1906AC92A7FD232001C6B69 /* Main.storyboard in Resources */,
			);
			runOnlyForDeploymentPostprocessing = 0;
		};
		E1906AD22A7FD233001C6B69 /* Resources */ = {
			isa = PBXResourcesBuildPhase;
			buildActionMask = 2147483647;
			files = (
			);
			runOnlyForDeploymentPostprocessing = 0;
		};
		E1906ADC2A7FD233001C6B69 /* Resources */ = {
			isa = PBXResourcesBuildPhase;
			buildActionMask = 2147483647;
			files = (
			);
			runOnlyForDeploymentPostprocessing = 0;
		};
/* End PBXResourcesBuildPhase section */

/* Begin PBXSourcesBuildPhase section */
		E1906ABA2A7FD232001C6B69 /* Sources */ = {
			isa = PBXSourcesBuildPhase;
			buildActionMask = 2147483647;
			files = (
				E1906AC62A7FD232001C6B69 /* ViewController.swift in Sources */,
				E1906AF22A7FD255001C6B69 /* UITableViewExampleViewController.swift in Sources */,
				E1906AC22A7FD232001C6B69 /* AppDelegate.swift in Sources */,
				E1906AC42A7FD232001C6B69 /* SceneDelegate.swift in Sources */,
			);
			runOnlyForDeploymentPostprocessing = 0;
		};
		E1906AD02A7FD233001C6B69 /* Sources */ = {
			isa = PBXSourcesBuildPhase;
			buildActionMask = 2147483647;
			files = (
				E1906AD92A7FD233001C6B69 /* UITableViewExampleTests.swift in Sources */,
			);
			runOnlyForDeploymentPostprocessing = 0;
		};
		E1906ADA2A7FD233001C6B69 /* Sources */ = {
			isa = PBXSourcesBuildPhase;
			buildActionMask = 2147483647;
			files = (
				E1906AE32A7FD233001C6B69 /* UITableViewExampleUITests.swift in Sources */,
				E1906AE52A7FD233001C6B69 /* UITableViewExampleUITestsLaunchTests.swift in Sources */,
			);
			runOnlyForDeploymentPostprocessing = 0;
		};
/* End PBXSourcesBuildPhase section */

/* Begin PBXTargetDependency section */
		E1906AD62A7FD233001C6B69 /* PBXTargetDependency */ = {
			isa = PBXTargetDependency;
			target = E1906ABD2A7FD232001C6B69 /* UITableViewExample */;
			targetProxy = E1906AD52A7FD233001C6B69 /* PBXContainerItemProxy */;
		};
		E1906AE02A7FD233001C6B69 /* PBXTargetDependency */ = {
			isa = PBXTargetDependency;
			target = E1906ABD2A7FD232001C6B69 /* UITableViewExample */;
			targetProxy = E1906ADF2A7FD233001C6B69 /* PBXContainerItemProxy */;
		};
/* End PBXTargetDependency section */

/* Begin PBXVariantGroup section */
		E1906AC72A7FD232001C6B69 /* Main.storyboard */ = {
			isa = PBXVariantGroup;
			children = (
				E1906AC82A7FD232001C6B69 /* Base */,
			);
			name = Main.storyboard;
			sourceTree = "<group>";
		};
		E1906ACC2A7FD233001C6B69 /* LaunchScreen.storyboard */ = {
			isa = PBXVariantGroup;
			children = (
				E1906ACD2A7FD233001C6B69 /* Base */,
			);
			name = LaunchScreen.storyboard;
			sourceTree = "<group>";
		};
/* End PBXVariantGroup section */

/* Begin XCBuildConfiguration section */
		E1906AE62A7FD233001C6B69 /* Debug */ = {
			isa = XCBuildConfiguration;
			buildSettings = {
				ALWAYS_SEARCH_USER_PATHS = NO;
				CLANG_ANALYZER_NONNULL = YES;
				CLANG_ANALYZER_NUMBER_OBJECT_CONVERSION = YES_AGGRESSIVE;
				CLANG_CXX_LANGUAGE_STANDARD = "gnu++20";
				CLANG_ENABLE_MODULES = YES;
				CLANG_ENABLE_OBJC_ARC = YES;
				CLANG_ENABLE_OBJC_WEAK = YES;
				CLANG_WARN_BLOCK_CAPTURE_AUTORELEASING = YES;
				CLANG_WARN_BOOL_CONVERSION = YES;
				CLANG_WARN_COMMA = YES;
				CLANG_WARN_CONSTANT_CONVERSION = YES;
				CLANG_WARN_DEPRECATED_OBJC_IMPLEMENTATIONS = YES;
				CLANG_WARN_DIRECT_OBJC_ISA_USAGE = YES_ERROR;
				CLANG_WARN_DOCUMENTATION_COMMENTS = YES;
				CLANG_WARN_EMPTY_BODY = YES;
				CLANG_WARN_ENUM_CONVERSION = YES;
				CLANG_WARN_INFINITE_RECURSION = YES;
				CLANG_WARN_INT_CONVERSION = YES;
				CLANG_WARN_NON_LITERAL_NULL_CONVERSION = YES;
				CLANG_WARN_OBJC_IMPLICIT_RETAIN_SELF = YES;
				CLANG_WARN_OBJC_LITERAL_CONVERSION = YES;
				CLANG_WARN_OBJC_ROOT_CLASS = YES_ERROR;
				CLANG_WARN_QUOTED_INCLUDE_IN_FRAMEWORK_HEADER = YES;
				CLANG_WARN_RANGE_LOOP_ANALYSIS = YES;
				CLANG_WARN_STRICT_PROTOTYPES = YES;
				CLANG_WARN_SUSPICIOUS_MOVE = YES;
				CLANG_WARN_UNGUARDED_AVAILABILITY = YES_AGGRESSIVE;
				CLANG_WARN_UNREACHABLE_CODE = YES;
				CLANG_WARN__DUPLICATE_METHOD_MATCH = YES;
				COPY_PHASE_STRIP = NO;
				DEBUG_INFORMATION_FORMAT = dwarf;
				ENABLE_STRICT_OBJC_MSGSEND = YES;
				ENABLE_TESTABILITY = YES;
				GCC_C_LANGUAGE_STANDARD = gnu11;
				GCC_DYNAMIC_NO_PIC = NO;
				GCC_NO_COMMON_BLOCKS = YES;
				GCC_OPTIMIZATION_LEVEL = 0;
				GCC_PREPROCESSOR_DEFINITIONS = (
					"DEBUG=1",
					"$(inherited)",
				);
				GCC_WARN_64_TO_32_BIT_CONVERSION = YES;
				GCC_WARN_ABOUT_RETURN_TYPE = YES_ERROR;
				GCC_WARN_UNDECLARED_SELECTOR = YES;
				GCC_WARN_UNINITIALIZED_AUTOS = YES_AGGRESSIVE;
				GCC_WARN_UNUSED_FUNCTION = YES;
				GCC_WARN_UNUSED_VARIABLE = YES;
				IPHONEOS_DEPLOYMENT_TARGET = 16.4;
				MTL_ENABLE_DEBUG_INFO = INCLUDE_SOURCE;
				MTL_FAST_MATH = YES;
				ONLY_ACTIVE_ARCH = YES;
				SDKROOT = iphoneos;
				SWIFT_ACTIVE_COMPILATION_CONDITIONS = DEBUG;
				SWIFT_OPTIMIZATION_LEVEL = "-Onone";
			};
			name = Debug;
		};
		E1906AE72A7FD233001C6B69 /* Release */ = {
			isa = XCBuildConfiguration;
			buildSettings = {
				ALWAYS_SEARCH_USER_PATHS = NO;
				CLANG_ANALYZER_NONNULL = YES;
				CLANG_ANALYZER_NUMBER_OBJECT_CONVERSION = YES_AGGRESSIVE;
				CLANG_CXX_LANGUAGE_STANDARD = "gnu++20";
				CLANG_ENABLE_MODULES = YES;
				CLANG_ENABLE_OBJC_ARC = YES;
				CLANG_ENABLE_OBJC_WEAK = YES;
				CLANG_WARN_BLOCK_CAPTURE_AUTORELEASING = YES;
				CLANG_WARN_BOOL_CONVERSION = YES;
				CLANG_WARN_COMMA = YES;
				CLANG_WARN_CONSTANT_CONVERSION = YES;
				CLANG_WARN_DEPRECATED_OBJC_IMPLEMENTATIONS = YES;
				CLANG_WARN_DIRECT_OBJC_ISA_USAGE = YES_ERROR;
				CLANG_WARN_DOCUMENTATION_COMMENTS = YES;
				CLANG_WARN_EMPTY_BODY = YES;
				CLANG_WARN_ENUM_CONVERSION = YES;
				CLANG_WARN_INFINITE_RECURSION = YES;
				CLANG_WARN_INT_CONVERSION = YES;
				CLANG_WARN_NON_LITERAL_NULL_CONVERSION = YES;
				CLANG_WARN_OBJC_IMPLICIT_RETAIN_SELF = YES;
				CLANG_WARN_OBJC_LITERAL_CONVERSION = YES;
				CLANG_WARN_OBJC_ROOT_CLASS = YES_ERROR;
				CLANG_WARN_QUOTED_INCLUDE_IN_FRAMEWORK_HEADER = YES;
				CLANG_WARN_RANGE_LOOP_ANALYSIS = YES;
				CLANG_WARN_STRICT_PROTOTYPES = YES;
				CLANG_WARN_SUSPICIOUS_MOVE = YES;
				CLANG_WARN_UNGUARDED_AVAILABILITY = YES_AGGRESSIVE;
				CLANG_WARN_UNREACHABLE_CODE = YES;
				CLANG_WARN__DUPLICATE_METHOD_MATCH = YES;
				COPY_PHASE_STRIP = NO;
				DEBUG_INFORMATION_FORMAT = "dwarf-with-dsym";
				ENABLE_NS_ASSERTIONS = NO;
				ENABLE_STRICT_OBJC_MSGSEND = YES;
				GCC_C_LANGUAGE_STANDARD = gnu11;
				GCC_NO_COMMON_BLOCKS = YES;
				GCC_WARN_64_TO_32_BIT_CONVERSION = YES;
				GCC_WARN_ABOUT_RETURN_TYPE = YES_ERROR;
				GCC_WARN_UNDECLARED_SELECTOR = YES;
				GCC_WARN_UNINITIALIZED_AUTOS = YES_AGGRESSIVE;
				GCC_WARN_UNUSED_FUNCTION = YES;
				GCC_WARN_UNUSED_VARIABLE = YES;
				IPHONEOS_DEPLOYMENT_TARGET = 16.4;
				MTL_ENABLE_DEBUG_INFO = NO;
				MTL_FAST_MATH = YES;
				SDKROOT = iphoneos;
				SWIFT_COMPILATION_MODE = wholemodule;
				SWIFT_OPTIMIZATION_LEVEL = "-O";
				VALIDATE_PRODUCT = YES;
			};
			name = Release;
		};
		E1906AE92A7FD233001C6B69 /* Debug */ = {
			isa = XCBuildConfiguration;
			buildSettings = {
				ASSETCATALOG_COMPILER_APPICON_NAME = AppIcon;
				ASSETCATALOG_COMPILER_GLOBAL_ACCENT_COLOR_NAME = AccentColor;
				CODE_SIGN_STYLE = Automatic;
				CURRENT_PROJECT_VERSION = 1;
				DEVELOPMENT_TEAM = 8AN6CGLLC6;
				GENERATE_INFOPLIST_FILE = YES;
				INFOPLIST_FILE = UITableViewExample/Info.plist;
				INFOPLIST_KEY_UIApplicationSupportsIndirectInputEvents = YES;
				INFOPLIST_KEY_UILaunchStoryboardName = LaunchScreen;
				INFOPLIST_KEY_UISupportedInterfaceOrientations_iPad = "UIInterfaceOrientationPortrait UIInterfaceOrientationPortraitUpsideDown UIInterfaceOrientationLandscapeLeft UIInterfaceOrientationLandscapeRight";
				INFOPLIST_KEY_UISupportedInterfaceOrientations_iPhone = "UIInterfaceOrientationPortrait UIInterfaceOrientationLandscapeLeft UIInterfaceOrientationLandscapeRight";
				LD_RUNPATH_SEARCH_PATHS = (
					"$(inherited)",
					"@executable_path/Frameworks",
				);
				MARKETING_VERSION = 1.0;
				PRODUCT_BUNDLE_IDENTIFIER = minyoo.UITableViewExample;
				PRODUCT_NAME = "$(TARGET_NAME)";
				SWIFT_EMIT_LOC_STRINGS = YES;
				SWIFT_VERSION = 5.0;
				TARGETED_DEVICE_FAMILY = "1,2";
			};
			name = Debug;
		};
		E1906AEA2A7FD233001C6B69 /* Release */ = {
			isa = XCBuildConfiguration;
			buildSettings = {
				ASSETCATALOG_COMPILER_APPICON_NAME = AppIcon;
				ASSETCATALOG_COMPILER_GLOBAL_ACCENT_COLOR_NAME = AccentColor;
				CODE_SIGN_STYLE = Automatic;
				CURRENT_PROJECT_VERSION = 1;
				DEVELOPMENT_TEAM = 8AN6CGLLC6;
				GENERATE_INFOPLIST_FILE = YES;
				INFOPLIST_FILE = UITableViewExample/Info.plist;
				INFOPLIST_KEY_UIApplicationSupportsIndirectInputEvents = YES;
				INFOPLIST_KEY_UILaunchStoryboardName = LaunchScreen;
				INFOPLIST_KEY_UISupportedInterfaceOrientations_iPad = "UIInterfaceOrientationPortrait UIInterfaceOrientationPortraitUpsideDown UIInterfaceOrientationLandscapeLeft UIInterfaceOrientationLandscapeRight";
				INFOPLIST_KEY_UISupportedInterfaceOrientations_iPhone = "UIInterfaceOrientationPortrait UIInterfaceOrientationLandscapeLeft UIInterfaceOrientationLandscapeRight";
				LD_RUNPATH_SEARCH_PATHS = (
					"$(inherited)",
					"@executable_path/Frameworks",
				);
				MARKETING_VERSION = 1.0;
				PRODUCT_BUNDLE_IDENTIFIER = minyoo.UITableViewExample;
				PRODUCT_NAME = "$(TARGET_NAME)";
				SWIFT_EMIT_LOC_STRINGS = YES;
				SWIFT_VERSION = 5.0;
				TARGETED_DEVICE_FAMILY = "1,2";
			};
			name = Release;
		};
		E1906AEC2A7FD233001C6B69 /* Debug */ = {
			isa = XCBuildConfiguration;
			buildSettings = {
				ALWAYS_EMBED_SWIFT_STANDARD_LIBRARIES = YES;
				BUNDLE_LOADER = "$(TEST_HOST)";
				CODE_SIGN_STYLE = Automatic;
				CURRENT_PROJECT_VERSION = 1;
				DEVELOPMENT_TEAM = 8AN6CGLLC6;
				GENERATE_INFOPLIST_FILE = YES;
				IPHONEOS_DEPLOYMENT_TARGET = 16.4;
				MARKETING_VERSION = 1.0;
				PRODUCT_BUNDLE_IDENTIFIER = minyoo.UITableViewExampleTests;
				PRODUCT_NAME = "$(TARGET_NAME)";
				SWIFT_EMIT_LOC_STRINGS = NO;
				SWIFT_VERSION = 5.0;
				TARGETED_DEVICE_FAMILY = "1,2";
				TEST_HOST = "$(BUILT_PRODUCTS_DIR)/UITableViewExample.app/$(BUNDLE_EXECUTABLE_FOLDER_PATH)/UITableViewExample";
			};
			name = Debug;
		};
		E1906AED2A7FD233001C6B69 /* Release */ = {
			isa = XCBuildConfiguration;
			buildSettings = {
				ALWAYS_EMBED_SWIFT_STANDARD_LIBRARIES = YES;
				BUNDLE_LOADER = "$(TEST_HOST)";
				CODE_SIGN_STYLE = Automatic;
				CURRENT_PROJECT_VERSION = 1;
				DEVELOPMENT_TEAM = 8AN6CGLLC6;
				GENERATE_INFOPLIST_FILE = YES;
				IPHONEOS_DEPLOYMENT_TARGET = 16.4;
				MARKETING_VERSION = 1.0;
				PRODUCT_BUNDLE_IDENTIFIER = minyoo.UITableViewExampleTests;
				PRODUCT_NAME = "$(TARGET_NAME)";
				SWIFT_EMIT_LOC_STRINGS = NO;
				SWIFT_VERSION = 5.0;
				TARGETED_DEVICE_FAMILY = "1,2";
				TEST_HOST = "$(BUILT_PRODUCTS_DIR)/UITableViewExample.app/$(BUNDLE_EXECUTABLE_FOLDER_PATH)/UITableViewExample";
			};
			name = Release;
		};
		E1906AEF2A7FD233001C6B69 /* Debug */ = {
			isa = XCBuildConfiguration;
			buildSettings = {
				ALWAYS_EMBED_SWIFT_STANDARD_LIBRARIES = YES;
				CODE_SIGN_STYLE = Automatic;
				CURRENT_PROJECT_VERSION = 1;
				DEVELOPMENT_TEAM = 8AN6CGLLC6;
				GENERATE_INFOPLIST_FILE = YES;
				MARKETING_VERSION = 1.0;
				PRODUCT_BUNDLE_IDENTIFIER = minyoo.UITableViewExampleUITests;
				PRODUCT_NAME = "$(TARGET_NAME)";
				SWIFT_EMIT_LOC_STRINGS = NO;
				SWIFT_VERSION = 5.0;
				TARGETED_DEVICE_FAMILY = "1,2";
				TEST_TARGET_NAME = UITableViewExample;
			};
			name = Debug;
		};
		E1906AF02A7FD233001C6B69 /* Release */ = {
			isa = XCBuildConfiguration;
			buildSettings = {
				ALWAYS_EMBED_SWIFT_STANDARD_LIBRARIES = YES;
				CODE_SIGN_STYLE = Automatic;
				CURRENT_PROJECT_VERSION = 1;
				DEVELOPMENT_TEAM = 8AN6CGLLC6;
				GENERATE_INFOPLIST_FILE = YES;
				MARKETING_VERSION = 1.0;
				PRODUCT_BUNDLE_IDENTIFIER = minyoo.UITableViewExampleUITests;
				PRODUCT_NAME = "$(TARGET_NAME)";
				SWIFT_EMIT_LOC_STRINGS = NO;
				SWIFT_VERSION = 5.0;
				TARGETED_DEVICE_FAMILY = "1,2";
				TEST_TARGET_NAME = UITableViewExample;
			};
			name = Release;
		};
/* End XCBuildConfiguration section */

/* Begin XCConfigurationList section */
		E1906AB92A7FD232001C6B69 /* Build configuration list for PBXProject "UITableViewExample" */ = {
			isa = XCConfigurationList;
			buildConfigurations = (
				E1906AE62A7FD233001C6B69 /* Debug */,
				E1906AE72A7FD233001C6B69 /* Release */,
			);
			defaultConfigurationIsVisible = 0;
			defaultConfigurationName = Release;
		};
		E1906AE82A7FD233001C6B69 /* Build configuration list for PBXNativeTarget "UITableViewExample" */ = {
			isa = XCConfigurationList;
			buildConfigurations = (
				E1906AE92A7FD233001C6B69 /* Debug */,
				E1906AEA2A7FD233001C6B69 /* Release */,
			);
			defaultConfigurationIsVisible = 0;
			defaultConfigurationName = Release;
		};
		E1906AEB2A7FD233001C6B69 /* Build configuration list for PBXNativeTarget "UITableViewExampleTests" */ = {
			isa = XCConfigurationList;
			buildConfigurations = (
				E1906AEC2A7FD233001C6B69 /* Debug */,
				E1906AED2A7FD233001C6B69 /* Release */,
			);
			defaultConfigurationIsVisible = 0;
			defaultConfigurationName = Release;
		};
		E1906AEE2A7FD233001C6B69 /* Build configuration list for PBXNativeTarget "UITableViewExampleUITests" */ = {
			isa = XCConfigurationList;
			buildConfigurations = (
				E1906AEF2A7FD233001C6B69 /* Debug */,
				E1906AF02A7FD233001C6B69 /* Release */,
			);
			defaultConfigurationIsVisible = 0;
			defaultConfigurationName = Release;
		};
/* End XCConfigurationList section */
	};
	rootObject = E1906AB62A7FD232001C6B69 /* Project object */;
}
